
Microsoft Visual Studio Solution File, Format Version 12.00
# Visual Studio Version 16
VisualStudioVersion = 16.0.29102.190
MinimumVisualStudioVersion = 10.0.40219.1
Project("{FAE04EC0-301F-11D3-BF4B-00C04F79EFBC}") = "ConsoleApp65", "ConsoleApp65\ConsoleApp65.csproj", "{EC2F374A-279F-4523-BC2C-0ED55B6A464F}"
EndProject
Global
	GlobalSection(SolutionConfigurationPlatforms) = preSolution
		Debug|Any CPU = Debug|Any CPU
		Release|Any CPU = Release|Any CPU
	EndGlobalSection
	GlobalSection(ProjectConfigurationPlatforms) = postSolution
		{EC2F374A-279F-4523-BC2C-0ED55B6A464F}.Debug|Any CPU.ActiveCfg = Debug|Any CPU
		{EC2F374A-279F-4523-BC2C-0ED55B6A464F}.Debug|Any CPU.Build.0 = Debug|Any CPU
		{EC2F374A-279F-4523-BC2C-0ED55B6A464F}.Release|Any CPU.ActiveCfg = Release|Any CPU
		{EC2F374A-279F-4523-BC2C-0ED55B6A464F}.Release|Any CPU.Build.0 = Release|Any CPU
	EndGlobalSection
	GlobalSection(SolutionProperties) = preSolution
		HideSolutionNode = FALSE
	EndGlobalSection
	GlobalSection(ExtensibilityGlobals) = postSolution
		SolutionGuid = {957E7BEE-B48C-405B-8624-EEF86AC66A5B}
	EndGlobalSection
EndGlobal
