
Microsoft Visual Studio Solution File, Format Version 12.00
# Visual Studio Version 16
VisualStudioVersion = 16.0.29102.190
MinimumVisualStudioVersion = 10.0.40219.1
Project("{FAE04EC0-301F-11D3-BF4B-00C04F79EFBC}") = "ConsoleApp94", "ConsoleApp94\ConsoleApp94.csproj", "{308136AB-6697-49DC-8166-5A51DE58B465}"
EndProject
Global
	GlobalSection(SolutionConfigurationPlatforms) = preSolution
		Debug|Any CPU = Debug|Any CPU
		Release|Any CPU = Release|Any CPU
	EndGlobalSection
	GlobalSection(ProjectConfigurationPlatforms) = postSolution
		{308136AB-6697-49DC-8166-5A51DE58B465}.Debug|Any CPU.ActiveCfg = Debug|Any CPU
		{308136AB-6697-49DC-8166-5A51DE58B465}.Debug|Any CPU.Build.0 = Debug|Any CPU
		{308136AB-6697-49DC-8166-5A51DE58B465}.Release|Any CPU.ActiveCfg = Release|Any CPU
		{308136AB-6697-49DC-8166-5A51DE58B465}.Release|Any CPU.Build.0 = Release|Any CPU
	EndGlobalSection
	GlobalSection(SolutionProperties) = preSolution
		HideSolutionNode = FALSE
	EndGlobalSection
	GlobalSection(ExtensibilityGlobals) = postSolution
		SolutionGuid = {E5CD0541-A9B0-43AE-BE95-2FA0F2EB4765}
	EndGlobalSection
EndGlobal
