
Microsoft Visual Studio Solution File, Format Version 12.00
# Visual Studio Version 16
VisualStudioVersion = 16.0.29102.190
MinimumVisualStudioVersion = 10.0.40219.1
Project("{FAE04EC0-301F-11D3-BF4B-00C04F79EFBC}") = "ConsoleApp203", "ConsoleApp203\ConsoleApp203.csproj", "{11FF4034-A203-4B0D-A84A-25AC7F252331}"
EndProject
Global
	GlobalSection(SolutionConfigurationPlatforms) = preSolution
		Debug|Any CPU = Debug|Any CPU
		Release|Any CPU = Release|Any CPU
	EndGlobalSection
	GlobalSection(ProjectConfigurationPlatforms) = postSolution
		{11FF4034-A203-4B0D-A84A-25AC7F252331}.Debug|Any CPU.ActiveCfg = Debug|Any CPU
		{11FF4034-A203-4B0D-A84A-25AC7F252331}.Debug|Any CPU.Build.0 = Debug|Any CPU
		{11FF4034-A203-4B0D-A84A-25AC7F252331}.Release|Any CPU.ActiveCfg = Release|Any CPU
		{11FF4034-A203-4B0D-A84A-25AC7F252331}.Release|Any CPU.Build.0 = Release|Any CPU
	EndGlobalSection
	GlobalSection(SolutionProperties) = preSolution
		HideSolutionNode = FALSE
	EndGlobalSection
	GlobalSection(ExtensibilityGlobals) = postSolution
		SolutionGuid = {28C3DAE5-2F5C-4999-9614-A005C1F66AD5}
	EndGlobalSection
EndGlobal
