
Microsoft Visual Studio Solution File, Format Version 12.00
# Visual Studio Version 16
VisualStudioVersion = 16.0.29102.190
MinimumVisualStudioVersion = 10.0.40219.1
Project("{FAE04EC0-301F-11D3-BF4B-00C04F79EFBC}") = "ConsoleApp33", "ConsoleApp33\ConsoleApp33.csproj", "{4D2FE804-DE5D-4FD2-9528-186BEDB71579}"
EndProject
Global
	GlobalSection(SolutionConfigurationPlatforms) = preSolution
		Debug|Any CPU = Debug|Any CPU
		Release|Any CPU = Release|Any CPU
	EndGlobalSection
	GlobalSection(ProjectConfigurationPlatforms) = postSolution
		{4D2FE804-DE5D-4FD2-9528-186BEDB71579}.Debug|Any CPU.ActiveCfg = Debug|Any CPU
		{4D2FE804-DE5D-4FD2-9528-186BEDB71579}.Debug|Any CPU.Build.0 = Debug|Any CPU
		{4D2FE804-DE5D-4FD2-9528-186BEDB71579}.Release|Any CPU.ActiveCfg = Release|Any CPU
		{4D2FE804-DE5D-4FD2-9528-186BEDB71579}.Release|Any CPU.Build.0 = Release|Any CPU
	EndGlobalSection
	GlobalSection(SolutionProperties) = preSolution
		HideSolutionNode = FALSE
	EndGlobalSection
	GlobalSection(ExtensibilityGlobals) = postSolution
		SolutionGuid = {1C070AA5-097E-49F9-AE8D-6EB36272F63A}
	EndGlobalSection
EndGlobal
