
Microsoft Visual Studio Solution File, Format Version 12.00
# Visual Studio Version 16
VisualStudioVersion = 16.0.29102.190
MinimumVisualStudioVersion = 10.0.40219.1
Project("{FAE04EC0-301F-11D3-BF4B-00C04F79EFBC}") = "ConsoleApp141", "ConsoleApp141\ConsoleApp141.csproj", "{36BED363-89F9-4B7C-A772-FE71B13FF574}"
EndProject
Global
	GlobalSection(SolutionConfigurationPlatforms) = preSolution
		Debug|Any CPU = Debug|Any CPU
		Release|Any CPU = Release|Any CPU
	EndGlobalSection
	GlobalSection(ProjectConfigurationPlatforms) = postSolution
		{36BED363-89F9-4B7C-A772-FE71B13FF574}.Debug|Any CPU.ActiveCfg = Debug|Any CPU
		{36BED363-89F9-4B7C-A772-FE71B13FF574}.Debug|Any CPU.Build.0 = Debug|Any CPU
		{36BED363-89F9-4B7C-A772-FE71B13FF574}.Release|Any CPU.ActiveCfg = Release|Any CPU
		{36BED363-89F9-4B7C-A772-FE71B13FF574}.Release|Any CPU.Build.0 = Release|Any CPU
	EndGlobalSection
	GlobalSection(SolutionProperties) = preSolution
		HideSolutionNode = FALSE
	EndGlobalSection
	GlobalSection(ExtensibilityGlobals) = postSolution
		SolutionGuid = {28EAE849-0AD1-417B-A8D2-933BDE4EC221}
	EndGlobalSection
EndGlobal
