
Microsoft Visual Studio Solution File, Format Version 12.00
# Visual Studio Version 16
VisualStudioVersion = 16.0.29102.190
MinimumVisualStudioVersion = 10.0.40219.1
Project("{FAE04EC0-301F-11D3-BF4B-00C04F79EFBC}") = "Kutyaev", "Kutyaev\Kutyaev.csproj", "{44354C56-B093-40B7-9EA5-8B06B8BE919B}"
EndProject
Global
	GlobalSection(SolutionConfigurationPlatforms) = preSolution
		Debug|Any CPU = Debug|Any CPU
		Release|Any CPU = Release|Any CPU
	EndGlobalSection
	GlobalSection(ProjectConfigurationPlatforms) = postSolution
		{44354C56-B093-40B7-9EA5-8B06B8BE919B}.Debug|Any CPU.ActiveCfg = Debug|Any CPU
		{44354C56-B093-40B7-9EA5-8B06B8BE919B}.Debug|Any CPU.Build.0 = Debug|Any CPU
		{44354C56-B093-40B7-9EA5-8B06B8BE919B}.Release|Any CPU.ActiveCfg = Release|Any CPU
		{44354C56-B093-40B7-9EA5-8B06B8BE919B}.Release|Any CPU.Build.0 = Release|Any CPU
	EndGlobalSection
	GlobalSection(SolutionProperties) = preSolution
		HideSolutionNode = FALSE
	EndGlobalSection
	GlobalSection(ExtensibilityGlobals) = postSolution
		SolutionGuid = {AC1B28FF-82B7-41B9-AA05-9003EDB64206}
	EndGlobalSection
EndGlobal
