
Microsoft Visual Studio Solution File, Format Version 12.00
# Visual Studio Version 16
VisualStudioVersion = 16.0.29102.190
MinimumVisualStudioVersion = 10.0.40219.1
Project("{FAE04EC0-301F-11D3-BF4B-00C04F79EFBC}") = "WpfApp52", "WpfApp52\WpfApp52.csproj", "{5AB71FC9-1C1A-4ABD-85E7-42094F8403BA}"
EndProject
Global
	GlobalSection(SolutionConfigurationPlatforms) = preSolution
		Debug|Any CPU = Debug|Any CPU
		Release|Any CPU = Release|Any CPU
	EndGlobalSection
	GlobalSection(ProjectConfigurationPlatforms) = postSolution
		{5AB71FC9-1C1A-4ABD-85E7-42094F8403BA}.Debug|Any CPU.ActiveCfg = Debug|Any CPU
		{5AB71FC9-1C1A-4ABD-85E7-42094F8403BA}.Debug|Any CPU.Build.0 = Debug|Any CPU
		{5AB71FC9-1C1A-4ABD-85E7-42094F8403BA}.Release|Any CPU.ActiveCfg = Release|Any CPU
		{5AB71FC9-1C1A-4ABD-85E7-42094F8403BA}.Release|Any CPU.Build.0 = Release|Any CPU
	EndGlobalSection
	GlobalSection(SolutionProperties) = preSolution
		HideSolutionNode = FALSE
	EndGlobalSection
	GlobalSection(ExtensibilityGlobals) = postSolution
		SolutionGuid = {E2E8B831-221F-4E9F-9EE8-6ED3EA0D3DC2}
	EndGlobalSection
EndGlobal
