
Microsoft Visual Studio Solution File, Format Version 12.00
# Visual Studio Version 16
VisualStudioVersion = 16.0.29102.190
MinimumVisualStudioVersion = 10.0.40219.1
Project("{FAE04EC0-301F-11D3-BF4B-00C04F79EFBC}") = "WpfApp26", "WpfApp26\WpfApp26.csproj", "{EC5EC0EA-F439-4A68-A429-779313342EF2}"
EndProject
Global
	GlobalSection(SolutionConfigurationPlatforms) = preSolution
		Debug|Any CPU = Debug|Any CPU
		Release|Any CPU = Release|Any CPU
	EndGlobalSection
	GlobalSection(ProjectConfigurationPlatforms) = postSolution
		{EC5EC0EA-F439-4A68-A429-779313342EF2}.Debug|Any CPU.ActiveCfg = Debug|Any CPU
		{EC5EC0EA-F439-4A68-A429-779313342EF2}.Debug|Any CPU.Build.0 = Debug|Any CPU
		{EC5EC0EA-F439-4A68-A429-779313342EF2}.Release|Any CPU.ActiveCfg = Release|Any CPU
		{EC5EC0EA-F439-4A68-A429-779313342EF2}.Release|Any CPU.Build.0 = Release|Any CPU
	EndGlobalSection
	GlobalSection(SolutionProperties) = preSolution
		HideSolutionNode = FALSE
	EndGlobalSection
	GlobalSection(ExtensibilityGlobals) = postSolution
		SolutionGuid = {0F79DDDF-0D1B-40FA-8A49-CE092C1D3A37}
	EndGlobalSection
EndGlobal
