
Microsoft Visual Studio Solution File, Format Version 12.00
# Visual Studio Version 16
VisualStudioVersion = 16.0.29102.190
MinimumVisualStudioVersion = 10.0.40219.1
Project("{FAE04EC0-301F-11D3-BF4B-00C04F79EFBC}") = "WpfApp31", "WpfApp31\WpfApp31.csproj", "{706D7094-3079-4995-A0F0-50B6CF3ACC23}"
EndProject
Global
	GlobalSection(SolutionConfigurationPlatforms) = preSolution
		Debug|Any CPU = Debug|Any CPU
		Release|Any CPU = Release|Any CPU
	EndGlobalSection
	GlobalSection(ProjectConfigurationPlatforms) = postSolution
		{706D7094-3079-4995-A0F0-50B6CF3ACC23}.Debug|Any CPU.ActiveCfg = Debug|Any CPU
		{706D7094-3079-4995-A0F0-50B6CF3ACC23}.Debug|Any CPU.Build.0 = Debug|Any CPU
		{706D7094-3079-4995-A0F0-50B6CF3ACC23}.Release|Any CPU.ActiveCfg = Release|Any CPU
		{706D7094-3079-4995-A0F0-50B6CF3ACC23}.Release|Any CPU.Build.0 = Release|Any CPU
	EndGlobalSection
	GlobalSection(SolutionProperties) = preSolution
		HideSolutionNode = FALSE
	EndGlobalSection
	GlobalSection(ExtensibilityGlobals) = postSolution
		SolutionGuid = {5E6EED79-8AAA-4687-A026-44B1E95C780F}
	EndGlobalSection
EndGlobal
