
Microsoft Visual Studio Solution File, Format Version 12.00
# Visual Studio Version 16
VisualStudioVersion = 16.0.29102.190
MinimumVisualStudioVersion = 10.0.40219.1
Project("{FAE04EC0-301F-11D3-BF4B-00C04F79EFBC}") = "WpfApp125", "WpfApp125\WpfApp125.csproj", "{830C56C9-3F6D-4FFC-BF8A-57CE4DB329AA}"
EndProject
Global
	GlobalSection(SolutionConfigurationPlatforms) = preSolution
		Debug|Any CPU = Debug|Any CPU
		Release|Any CPU = Release|Any CPU
	EndGlobalSection
	GlobalSection(ProjectConfigurationPlatforms) = postSolution
		{830C56C9-3F6D-4FFC-BF8A-57CE4DB329AA}.Debug|Any CPU.ActiveCfg = Debug|Any CPU
		{830C56C9-3F6D-4FFC-BF8A-57CE4DB329AA}.Debug|Any CPU.Build.0 = Debug|Any CPU
		{830C56C9-3F6D-4FFC-BF8A-57CE4DB329AA}.Release|Any CPU.ActiveCfg = Release|Any CPU
		{830C56C9-3F6D-4FFC-BF8A-57CE4DB329AA}.Release|Any CPU.Build.0 = Release|Any CPU
	EndGlobalSection
	GlobalSection(SolutionProperties) = preSolution
		HideSolutionNode = FALSE
	EndGlobalSection
	GlobalSection(ExtensibilityGlobals) = postSolution
		SolutionGuid = {5F49E1B2-EC52-4248-BE69-2809DCE7B88B}
	EndGlobalSection
EndGlobal
