
Microsoft Visual Studio Solution File, Format Version 12.00
# Visual Studio Version 16
VisualStudioVersion = 16.0.29102.190
MinimumVisualStudioVersion = 10.0.40219.1
Project("{FAE04EC0-301F-11D3-BF4B-00C04F79EFBC}") = "WpfApp51", "WpfApp51\WpfApp51.csproj", "{6DABA216-8F7F-45D3-AF69-A34B9A9AF03E}"
EndProject
Global
	GlobalSection(SolutionConfigurationPlatforms) = preSolution
		Debug|Any CPU = Debug|Any CPU
		Release|Any CPU = Release|Any CPU
	EndGlobalSection
	GlobalSection(ProjectConfigurationPlatforms) = postSolution
		{6DABA216-8F7F-45D3-AF69-A34B9A9AF03E}.Debug|Any CPU.ActiveCfg = Debug|Any CPU
		{6DABA216-8F7F-45D3-AF69-A34B9A9AF03E}.Debug|Any CPU.Build.0 = Debug|Any CPU
		{6DABA216-8F7F-45D3-AF69-A34B9A9AF03E}.Release|Any CPU.ActiveCfg = Release|Any CPU
		{6DABA216-8F7F-45D3-AF69-A34B9A9AF03E}.Release|Any CPU.Build.0 = Release|Any CPU
	EndGlobalSection
	GlobalSection(SolutionProperties) = preSolution
		HideSolutionNode = FALSE
	EndGlobalSection
	GlobalSection(ExtensibilityGlobals) = postSolution
		SolutionGuid = {DE817EEA-AEAC-458A-8A55-513BD2BB397F}
	EndGlobalSection
EndGlobal
