
Microsoft Visual Studio Solution File, Format Version 12.00
# Visual Studio Version 16
VisualStudioVersion = 16.0.29102.190
MinimumVisualStudioVersion = 10.0.40219.1
Project("{FAE04EC0-301F-11D3-BF4B-00C04F79EFBC}") = "WpfApp108", "WpfApp108\WpfApp108.csproj", "{288400DE-0F1A-4C5F-A725-F1352AA94656}"
EndProject
Global
	GlobalSection(SolutionConfigurationPlatforms) = preSolution
		Debug|Any CPU = Debug|Any CPU
		Release|Any CPU = Release|Any CPU
	EndGlobalSection
	GlobalSection(ProjectConfigurationPlatforms) = postSolution
		{288400DE-0F1A-4C5F-A725-F1352AA94656}.Debug|Any CPU.ActiveCfg = Debug|Any CPU
		{288400DE-0F1A-4C5F-A725-F1352AA94656}.Debug|Any CPU.Build.0 = Debug|Any CPU
		{288400DE-0F1A-4C5F-A725-F1352AA94656}.Release|Any CPU.ActiveCfg = Release|Any CPU
		{288400DE-0F1A-4C5F-A725-F1352AA94656}.Release|Any CPU.Build.0 = Release|Any CPU
	EndGlobalSection
	GlobalSection(SolutionProperties) = preSolution
		HideSolutionNode = FALSE
	EndGlobalSection
	GlobalSection(ExtensibilityGlobals) = postSolution
		SolutionGuid = {909F3049-E863-4FA5-A64A-8B835152CA2D}
	EndGlobalSection
EndGlobal
