
Microsoft Visual Studio Solution File, Format Version 12.00
# Visual Studio Version 16
VisualStudioVersion = 16.0.29102.190
MinimumVisualStudioVersion = 10.0.40219.1
Project("{FAE04EC0-301F-11D3-BF4B-00C04F79EFBC}") = "WpfApp33", "WpfApp33\WpfApp33.csproj", "{16518BB4-4FF5-4A3F-A1CE-82559CE77022}"
EndProject
Global
	GlobalSection(SolutionConfigurationPlatforms) = preSolution
		Debug|Any CPU = Debug|Any CPU
		Release|Any CPU = Release|Any CPU
	EndGlobalSection
	GlobalSection(ProjectConfigurationPlatforms) = postSolution
		{16518BB4-4FF5-4A3F-A1CE-82559CE77022}.Debug|Any CPU.ActiveCfg = Debug|Any CPU
		{16518BB4-4FF5-4A3F-A1CE-82559CE77022}.Debug|Any CPU.Build.0 = Debug|Any CPU
		{16518BB4-4FF5-4A3F-A1CE-82559CE77022}.Release|Any CPU.ActiveCfg = Release|Any CPU
		{16518BB4-4FF5-4A3F-A1CE-82559CE77022}.Release|Any CPU.Build.0 = Release|Any CPU
	EndGlobalSection
	GlobalSection(SolutionProperties) = preSolution
		HideSolutionNode = FALSE
	EndGlobalSection
	GlobalSection(ExtensibilityGlobals) = postSolution
		SolutionGuid = {10B127BE-7049-4C24-8DF0-D7DD4421E289}
	EndGlobalSection
EndGlobal
