
Microsoft Visual Studio Solution File, Format Version 12.00
# Visual Studio Version 16
VisualStudioVersion = 16.0.29102.190
MinimumVisualStudioVersion = 10.0.40219.1
Project("{FAE04EC0-301F-11D3-BF4B-00C04F79EFBC}") = "WpfApp27", "WpfApp27\WpfApp27.csproj", "{1E9B3FAF-9158-4C04-B208-F7FFD03D83FF}"
EndProject
Global
	GlobalSection(SolutionConfigurationPlatforms) = preSolution
		Debug|Any CPU = Debug|Any CPU
		Release|Any CPU = Release|Any CPU
	EndGlobalSection
	GlobalSection(ProjectConfigurationPlatforms) = postSolution
		{1E9B3FAF-9158-4C04-B208-F7FFD03D83FF}.Debug|Any CPU.ActiveCfg = Debug|Any CPU
		{1E9B3FAF-9158-4C04-B208-F7FFD03D83FF}.Debug|Any CPU.Build.0 = Debug|Any CPU
		{1E9B3FAF-9158-4C04-B208-F7FFD03D83FF}.Release|Any CPU.ActiveCfg = Release|Any CPU
		{1E9B3FAF-9158-4C04-B208-F7FFD03D83FF}.Release|Any CPU.Build.0 = Release|Any CPU
	EndGlobalSection
	GlobalSection(SolutionProperties) = preSolution
		HideSolutionNode = FALSE
	EndGlobalSection
	GlobalSection(ExtensibilityGlobals) = postSolution
		SolutionGuid = {8C9F47B9-776C-44CD-9C7F-D24824A0E270}
	EndGlobalSection
EndGlobal
