
Microsoft Visual Studio Solution File, Format Version 12.00
# Visual Studio Version 16
VisualStudioVersion = 16.0.29102.190
MinimumVisualStudioVersion = 10.0.40219.1
Project("{FAE04EC0-301F-11D3-BF4B-00C04F79EFBC}") = "WpfApp121", "WpfApp121\WpfApp121.csproj", "{4EA52A2F-EB17-48F1-BDE1-3B5F1409774D}"
EndProject
Global
	GlobalSection(SolutionConfigurationPlatforms) = preSolution
		Debug|Any CPU = Debug|Any CPU
		Release|Any CPU = Release|Any CPU
	EndGlobalSection
	GlobalSection(ProjectConfigurationPlatforms) = postSolution
		{4EA52A2F-EB17-48F1-BDE1-3B5F1409774D}.Debug|Any CPU.ActiveCfg = Debug|Any CPU
		{4EA52A2F-EB17-48F1-BDE1-3B5F1409774D}.Debug|Any CPU.Build.0 = Debug|Any CPU
		{4EA52A2F-EB17-48F1-BDE1-3B5F1409774D}.Release|Any CPU.ActiveCfg = Release|Any CPU
		{4EA52A2F-EB17-48F1-BDE1-3B5F1409774D}.Release|Any CPU.Build.0 = Release|Any CPU
	EndGlobalSection
	GlobalSection(SolutionProperties) = preSolution
		HideSolutionNode = FALSE
	EndGlobalSection
	GlobalSection(ExtensibilityGlobals) = postSolution
		SolutionGuid = {6610D104-3E6B-44A4-B68B-CAC2DDF71716}
	EndGlobalSection
EndGlobal
