
Microsoft Visual Studio Solution File, Format Version 12.00
# Blend for Visual Studio Version 16
VisualStudioVersion = 16.0.29102.190
MinimumVisualStudioVersion = 10.0.40219.1
Project("{FAE04EC0-301F-11D3-BF4B-00C04F79EFBC}") = "WpfApp2", "WpfApp2\WpfApp2.csproj", "{1C7E9955-B229-4FD8-A29E-CC10E37B1A4B}"
EndProject
Global
	GlobalSection(SolutionConfigurationPlatforms) = preSolution
		Debug|Any CPU = Debug|Any CPU
		Release|Any CPU = Release|Any CPU
	EndGlobalSection
	GlobalSection(ProjectConfigurationPlatforms) = postSolution
		{1C7E9955-B229-4FD8-A29E-CC10E37B1A4B}.Debug|Any CPU.ActiveCfg = Debug|Any CPU
		{1C7E9955-B229-4FD8-A29E-CC10E37B1A4B}.Debug|Any CPU.Build.0 = Debug|Any CPU
		{1C7E9955-B229-4FD8-A29E-CC10E37B1A4B}.Release|Any CPU.ActiveCfg = Release|Any CPU
		{1C7E9955-B229-4FD8-A29E-CC10E37B1A4B}.Release|Any CPU.Build.0 = Release|Any CPU
	EndGlobalSection
	GlobalSection(SolutionProperties) = preSolution
		HideSolutionNode = FALSE
	EndGlobalSection
	GlobalSection(ExtensibilityGlobals) = postSolution
		SolutionGuid = {C946339B-9431-4A79-99AC-A8AAF0EC2E36}
	EndGlobalSection
EndGlobal
